
Microsoft Visual Studio Solution File, Format Version 12.00
# Visual Studio Version 17
VisualStudioVersion = 17.6.33723.286
MinimumVisualStudioVersion = 10.0.40219.1
Project("{9A19103F-16F7-4668-BE54-9A1E7A4F7556}") = "RoyalShoes", "RoyalShoes\RoyalShoes.csproj", "{8480171C-DAB3-4452-9FC8-BC847E5346A5}"
EndProject
Global
	GlobalSection(SolutionConfigurationPlatforms) = preSolution
		Debug|Any CPU = Debug|Any CPU
		Release|Any CPU = Release|Any CPU
	EndGlobalSection
	GlobalSection(ProjectConfigurationPlatforms) = postSolution
		{8480171C-DAB3-4452-9FC8-BC847E5346A5}.Debug|Any CPU.ActiveCfg = Debug|Any CPU
		{8480171C-DAB3-4452-9FC8-BC847E5346A5}.Debug|Any CPU.Build.0 = Debug|Any CPU
		{8480171C-DAB3-4452-9FC8-BC847E5346A5}.Release|Any CPU.ActiveCfg = Release|Any CPU
		{8480171C-DAB3-4452-9FC8-BC847E5346A5}.Release|Any CPU.Build.0 = Release|Any CPU
	EndGlobalSection
	GlobalSection(SolutionProperties) = preSolution
		HideSolutionNode = FALSE
	EndGlobalSection
	GlobalSection(ExtensibilityGlobals) = postSolution
		SolutionGuid = {38268C58-18DA-487F-89E1-90B974BFFCAE}
	EndGlobalSection
EndGlobal
